
Microsoft Visual Studio Solution File, Format Version 12.00
# Visual Studio 15
VisualStudioVersion = 15.0.27130.2027
MinimumVisualStudioVersion = 10.0.40219.1
Project("{FAE04EC0-301F-11D3-BF4B-00C04F79EFBC}") = "Zeiss.MachineStreaming", "Zeiss.MachineStreaming\Zeiss.MachineStreaming.csproj", "{B132725A-2FC5-4215-B761-9309304C24FF}"
EndProject
Global
	GlobalSection(SolutionConfigurationPlatforms) = preSolution
		Debug|Any CPU = Debug|Any CPU
		Release|Any CPU = Release|Any CPU
	EndGlobalSection
	GlobalSection(ProjectConfigurationPlatforms) = postSolution
		{B132725A-2FC5-4215-B761-9309304C24FF}.Debug|Any CPU.ActiveCfg = Debug|Any CPU
		{B132725A-2FC5-4215-B761-9309304C24FF}.Debug|Any CPU.Build.0 = Debug|Any CPU
		{B132725A-2FC5-4215-B761-9309304C24FF}.Release|Any CPU.ActiveCfg = Release|Any CPU
		{B132725A-2FC5-4215-B761-9309304C24FF}.Release|Any CPU.Build.0 = Release|Any CPU
	EndGlobalSection
	GlobalSection(SolutionProperties) = preSolution
		HideSolutionNode = FALSE
	EndGlobalSection
	GlobalSection(ExtensibilityGlobals) = postSolution
		SolutionGuid = {145F1A2C-6B07-4A70-906E-C5921BE9F2EC}
	EndGlobalSection
EndGlobal
